
Microsoft Visual Studio Solution File, Format Version 12.00
# Visual Studio 15
VisualStudioVersion = 15.0.26124.0
MinimumVisualStudioVersion = 15.0.26124.0
Project("{FAE04EC0-301F-11D3-BF4B-00C04F79EFBC}") = "Frontend", "Frontend\Frontend.csproj", "{9FE9189F-22E8-4BF4-89C4-4CA657792D13}"
EndProject
Project("{FAE04EC0-301F-11D3-BF4B-00C04F79EFBC}") = "Messages", "Messages\Messages.csproj", "{D3AC19E5-1B5F-4441-8B48-072E35F00675}"
EndProject
Project("{FAE04EC0-301F-11D3-BF4B-00C04F79EFBC}") = "Shared", "Shared\Shared.csproj", "{916FD449-42DF-4E4D-A623-EF8679753FF4}"
EndProject
Project("{FAE04EC0-301F-11D3-BF4B-00C04F79EFBC}") = "Entities", "Entities\Entities.csproj", "{FE6A41EE-629F-4151-ADF0-53611DA92561}"
EndProject
Project("{FAE04EC0-301F-11D3-BF4B-00C04F79EFBC}") = "Network", "Network\Network.csproj", "{095F153A-D19C-41D2-98BF-97DBB046B0F4}"
EndProject
Project("{FAE04EC0-301F-11D3-BF4B-00C04F79EFBC}") = "NBT", "NBT\NBT.csproj", "{5E65B338-C932-4653-B5F0-12A9D651336E}"
EndProject
Global
	GlobalSection(SolutionConfigurationPlatforms) = preSolution
		Debug|Any CPU = Debug|Any CPU
		Debug|x64 = Debug|x64
		Debug|x86 = Debug|x86
		Release|Any CPU = Release|Any CPU
		Release|x64 = Release|x64
		Release|x86 = Release|x86
	EndGlobalSection
	GlobalSection(SolutionProperties) = preSolution
		HideSolutionNode = FALSE
	EndGlobalSection
	GlobalSection(ProjectConfigurationPlatforms) = postSolution
		{9FE9189F-22E8-4BF4-89C4-4CA657792D13}.Debug|Any CPU.ActiveCfg = Debug|Any CPU
		{9FE9189F-22E8-4BF4-89C4-4CA657792D13}.Debug|Any CPU.Build.0 = Debug|Any CPU
		{9FE9189F-22E8-4BF4-89C4-4CA657792D13}.Release|Any CPU.ActiveCfg = Release|Any CPU
		{9FE9189F-22E8-4BF4-89C4-4CA657792D13}.Release|Any CPU.Build.0 = Release|Any CPU
		{D3AC19E5-1B5F-4441-8B48-072E35F00675}.Debug|Any CPU.ActiveCfg = Debug|Any CPU
		{D3AC19E5-1B5F-4441-8B48-072E35F00675}.Debug|Any CPU.Build.0 = Debug|Any CPU
		{D3AC19E5-1B5F-4441-8B48-072E35F00675}.Debug|x64.ActiveCfg = Debug|Any CPU
		{D3AC19E5-1B5F-4441-8B48-072E35F00675}.Debug|x64.Build.0 = Debug|Any CPU
		{D3AC19E5-1B5F-4441-8B48-072E35F00675}.Debug|x86.ActiveCfg = Debug|Any CPU
		{D3AC19E5-1B5F-4441-8B48-072E35F00675}.Debug|x86.Build.0 = Debug|Any CPU
		{D3AC19E5-1B5F-4441-8B48-072E35F00675}.Release|Any CPU.ActiveCfg = Release|Any CPU
		{D3AC19E5-1B5F-4441-8B48-072E35F00675}.Release|Any CPU.Build.0 = Release|Any CPU
		{D3AC19E5-1B5F-4441-8B48-072E35F00675}.Release|x64.ActiveCfg = Release|Any CPU
		{D3AC19E5-1B5F-4441-8B48-072E35F00675}.Release|x64.Build.0 = Release|Any CPU
		{D3AC19E5-1B5F-4441-8B48-072E35F00675}.Release|x86.ActiveCfg = Release|Any CPU
		{D3AC19E5-1B5F-4441-8B48-072E35F00675}.Release|x86.Build.0 = Release|Any CPU
		{916FD449-42DF-4E4D-A623-EF8679753FF4}.Debug|Any CPU.ActiveCfg = Debug|Any CPU
		{916FD449-42DF-4E4D-A623-EF8679753FF4}.Debug|Any CPU.Build.0 = Debug|Any CPU
		{916FD449-42DF-4E4D-A623-EF8679753FF4}.Debug|x64.ActiveCfg = Debug|Any CPU
		{916FD449-42DF-4E4D-A623-EF8679753FF4}.Debug|x64.Build.0 = Debug|Any CPU
		{916FD449-42DF-4E4D-A623-EF8679753FF4}.Debug|x86.ActiveCfg = Debug|Any CPU
		{916FD449-42DF-4E4D-A623-EF8679753FF4}.Debug|x86.Build.0 = Debug|Any CPU
		{916FD449-42DF-4E4D-A623-EF8679753FF4}.Release|Any CPU.ActiveCfg = Release|Any CPU
		{916FD449-42DF-4E4D-A623-EF8679753FF4}.Release|Any CPU.Build.0 = Release|Any CPU
		{916FD449-42DF-4E4D-A623-EF8679753FF4}.Release|x64.ActiveCfg = Release|Any CPU
		{916FD449-42DF-4E4D-A623-EF8679753FF4}.Release|x64.Build.0 = Release|Any CPU
		{916FD449-42DF-4E4D-A623-EF8679753FF4}.Release|x86.ActiveCfg = Release|Any CPU
		{916FD449-42DF-4E4D-A623-EF8679753FF4}.Release|x86.Build.0 = Release|Any CPU
		{FE6A41EE-629F-4151-ADF0-53611DA92561}.Debug|Any CPU.ActiveCfg = Debug|Any CPU
		{FE6A41EE-629F-4151-ADF0-53611DA92561}.Debug|Any CPU.Build.0 = Debug|Any CPU
		{FE6A41EE-629F-4151-ADF0-53611DA92561}.Debug|x64.ActiveCfg = Debug|Any CPU
		{FE6A41EE-629F-4151-ADF0-53611DA92561}.Debug|x64.Build.0 = Debug|Any CPU
		{FE6A41EE-629F-4151-ADF0-53611DA92561}.Debug|x86.ActiveCfg = Debug|Any CPU
		{FE6A41EE-629F-4151-ADF0-53611DA92561}.Debug|x86.Build.0 = Debug|Any CPU
		{FE6A41EE-629F-4151-ADF0-53611DA92561}.Release|Any CPU.ActiveCfg = Release|Any CPU
		{FE6A41EE-629F-4151-ADF0-53611DA92561}.Release|Any CPU.Build.0 = Release|Any CPU
		{FE6A41EE-629F-4151-ADF0-53611DA92561}.Release|x64.ActiveCfg = Release|Any CPU
		{FE6A41EE-629F-4151-ADF0-53611DA92561}.Release|x64.Build.0 = Release|Any CPU
		{FE6A41EE-629F-4151-ADF0-53611DA92561}.Release|x86.ActiveCfg = Release|Any CPU
		{FE6A41EE-629F-4151-ADF0-53611DA92561}.Release|x86.Build.0 = Release|Any CPU
		{095F153A-D19C-41D2-98BF-97DBB046B0F4}.Debug|Any CPU.ActiveCfg = Debug|Any CPU
		{095F153A-D19C-41D2-98BF-97DBB046B0F4}.Debug|Any CPU.Build.0 = Debug|Any CPU
		{095F153A-D19C-41D2-98BF-97DBB046B0F4}.Debug|x64.ActiveCfg = Debug|Any CPU
		{095F153A-D19C-41D2-98BF-97DBB046B0F4}.Debug|x64.Build.0 = Debug|Any CPU
		{095F153A-D19C-41D2-98BF-97DBB046B0F4}.Debug|x86.ActiveCfg = Debug|Any CPU
		{095F153A-D19C-41D2-98BF-97DBB046B0F4}.Debug|x86.Build.0 = Debug|Any CPU
		{095F153A-D19C-41D2-98BF-97DBB046B0F4}.Release|Any CPU.ActiveCfg = Release|Any CPU
		{095F153A-D19C-41D2-98BF-97DBB046B0F4}.Release|Any CPU.Build.0 = Release|Any CPU
		{095F153A-D19C-41D2-98BF-97DBB046B0F4}.Release|x64.ActiveCfg = Release|Any CPU
		{095F153A-D19C-41D2-98BF-97DBB046B0F4}.Release|x64.Build.0 = Release|Any CPU
		{095F153A-D19C-41D2-98BF-97DBB046B0F4}.Release|x86.ActiveCfg = Release|Any CPU
		{095F153A-D19C-41D2-98BF-97DBB046B0F4}.Release|x86.Build.0 = Release|Any CPU
		{5E65B338-C932-4653-B5F0-12A9D651336E}.Debug|Any CPU.ActiveCfg = Debug|Any CPU
		{5E65B338-C932-4653-B5F0-12A9D651336E}.Debug|Any CPU.Build.0 = Debug|Any CPU
		{5E65B338-C932-4653-B5F0-12A9D651336E}.Debug|x64.ActiveCfg = Debug|Any CPU
		{5E65B338-C932-4653-B5F0-12A9D651336E}.Debug|x64.Build.0 = Debug|Any CPU
		{5E65B338-C932-4653-B5F0-12A9D651336E}.Debug|x86.ActiveCfg = Debug|Any CPU
		{5E65B338-C932-4653-B5F0-12A9D651336E}.Debug|x86.Build.0 = Debug|Any CPU
		{5E65B338-C932-4653-B5F0-12A9D651336E}.Release|Any CPU.ActiveCfg = Release|Any CPU
		{5E65B338-C932-4653-B5F0-12A9D651336E}.Release|Any CPU.Build.0 = Release|Any CPU
		{5E65B338-C932-4653-B5F0-12A9D651336E}.Release|x64.ActiveCfg = Release|Any CPU
		{5E65B338-C932-4653-B5F0-12A9D651336E}.Release|x64.Build.0 = Release|Any CPU
		{5E65B338-C932-4653-B5F0-12A9D651336E}.Release|x86.ActiveCfg = Release|Any CPU
		{5E65B338-C932-4653-B5F0-12A9D651336E}.Release|x86.Build.0 = Release|Any CPU
	EndGlobalSection
EndGlobal
